
Microsoft Visual Studio Solution File, Format Version 12.00
# Visual Studio Version 17
VisualStudioVersion = 17.12.35527.113
MinimumVisualStudioVersion = 10.0.40219.1
Project("{FAE04EC0-301F-11D3-BF4B-00C04F79EFBC}") = "SessyController", "SessyController\SessyController.csproj", "{C88C0BEF-C785-433C-BDFA-650582184011}"
EndProject
Project("{FAE04EC0-301F-11D3-BF4B-00C04F79EFBC}") = "SessyWeb", "SessyWeb\SessyWeb.csproj", "{0D1AE6BD-A1C0-448C-9917-9AA3829AF621}"
EndProject
Project("{FAE04EC0-301F-11D3-BF4B-00C04F79EFBC}") = "SessyData", "SessyData\SessyData.csproj", "{C7305BE3-62E2-46B7-ABB0-3CA264DD676A}"
EndProject
Global
	GlobalSection(SolutionConfigurationPlatforms) = preSolution
		Debug|Any CPU = Debug|Any CPU
		Release|Any CPU = Release|Any CPU
	EndGlobalSection
	GlobalSection(ProjectConfigurationPlatforms) = postSolution
		{C88C0BEF-C785-433C-BDFA-650582184011}.Debug|Any CPU.ActiveCfg = Debug|Any CPU
		{C88C0BEF-C785-433C-BDFA-650582184011}.Debug|Any CPU.Build.0 = Debug|Any CPU
		{C88C0BEF-C785-433C-BDFA-650582184011}.Release|Any CPU.ActiveCfg = Release|Any CPU
		{C88C0BEF-C785-433C-BDFA-650582184011}.Release|Any CPU.Build.0 = Release|Any CPU
		{0D1AE6BD-A1C0-448C-9917-9AA3829AF621}.Debug|Any CPU.ActiveCfg = Debug|Any CPU
		{0D1AE6BD-A1C0-448C-9917-9AA3829AF621}.Debug|Any CPU.Build.0 = Debug|Any CPU
		{0D1AE6BD-A1C0-448C-9917-9AA3829AF621}.Release|Any CPU.ActiveCfg = Release|Any CPU
		{0D1AE6BD-A1C0-448C-9917-9AA3829AF621}.Release|Any CPU.Build.0 = Release|Any CPU
		{C7305BE3-62E2-46B7-ABB0-3CA264DD676A}.Debug|Any CPU.ActiveCfg = Debug|Any CPU
		{C7305BE3-62E2-46B7-ABB0-3CA264DD676A}.Debug|Any CPU.Build.0 = Debug|Any CPU
		{C7305BE3-62E2-46B7-ABB0-3CA264DD676A}.Release|Any CPU.ActiveCfg = Release|Any CPU
		{C7305BE3-62E2-46B7-ABB0-3CA264DD676A}.Release|Any CPU.Build.0 = Release|Any CPU
	EndGlobalSection
	GlobalSection(SolutionProperties) = preSolution
		HideSolutionNode = FALSE
	EndGlobalSection
	GlobalSection(ExtensibilityGlobals) = postSolution
		SolutionGuid = {276616C2-BB1E-40CB-8E1E-543DABC6814D}
	EndGlobalSection
EndGlobal
